Microsoft Visual Studio Solution File, Format Version 12.00
# Visual Studio Version 17
VisualStudioVersion = 17.5.2.0
MinimumVisualStudioVersion = 10.0.40219.1
Project("{FAE04EC0-301F-11D3-BF4B-00C04F79EFBC}") = "QuanLyChuoiCaPhe.Web", "QuanLyChuoiCaPhe.Web.csproj", "{AD27C0F1-56C9-FE68-EB6C-2EE7BC6B80E6}"
EndProject
Global
	GlobalSection(SolutionConfigurationPlatforms) = preSolution
		Debug|Any CPU = Debug|Any CPU
		Release|Any CPU = Release|Any CPU
	EndGlobalSection
	GlobalSection(ProjectConfigurationPlatforms) = postSolution
		{AD27C0F1-56C9-FE68-EB6C-2EE7BC6B80E6}.Debug|Any CPU.ActiveCfg = Debug|Any CPU
		{AD27C0F1-56C9-FE68-EB6C-2EE7BC6B80E6}.Debug|Any CPU.Build.0 = Debug|Any CPU
		{AD27C0F1-56C9-FE68-EB6C-2EE7BC6B80E6}.Release|Any CPU.ActiveCfg = Release|Any CPU
		{AD27C0F1-56C9-FE68-EB6C-2EE7BC6B80E6}.Release|Any CPU.Build.0 = Release|Any CPU
	EndGlobalSection
	GlobalSection(SolutionProperties) = preSolution
		HideSolutionNode = FALSE
	EndGlobalSection
	GlobalSection(ExtensibilityGlobals) = postSolution
		SolutionGuid = {81B78E2F-C67C-4026-A49B-1581A647818B}
	EndGlobalSection
EndGlobal
